
Microsoft Visual Studio Solution File, Format Version 12.00
Project("{FAE04EC0-301F-11D3-BF4B-00C04F79EFBC}") = "BASE_Info", "BASE_Info\BASE_Info.csproj", "{889587AB-5DE8-4B2D-9CAE-63B7F630DF86}"
EndProject
Project("{FAE04EC0-301F-11D3-BF4B-00C04F79EFBC}") = "BASE_Probedb", "BASE_Probedb\BASE_Probedb.csproj", "{EE8C9EAB-8B4D-41C6-89B8-6C5DB543355F}"
EndProject
Project("{FAE04EC0-301F-11D3-BF4B-00C04F79EFBC}") = "CMD_Exec", "CMD_Exec\CMD_Exec.csproj", "{F7994A18-87CB-4EE4-8A2D-BABED3708907}"
EndProject
Project("{FAE04EC0-301F-11D3-BF4B-00C04F79EFBC}") = "CMD_Listcmd", "CMD_Listcmd\CMD_Listcmd.csproj", "{61C1ED62-33B9-4D97-B460-6E33C1C447EE}"
EndProject
Project("{FAE04EC0-301F-11D3-BF4B-00C04F79EFBC}") = "FM_Dir", "FM_Dir\FM_Dir.csproj", "{32B6D04A-A05B-4421-B063-910BE01B744A}"
EndProject
Project("{FAE04EC0-301F-11D3-BF4B-00C04F79EFBC}") = "FM_ReadFile", "FM_ReadFile\FM_ReadFile.csproj", "{D6ABEB05-EB7A-49E3-B466-DDEE32645AEF}"
EndProject
Project("{FAE04EC0-301F-11D3-BF4B-00C04F79EFBC}") = "TestWeb", "TestWeb\TestWeb.csproj", "{67161D79-EC57-497C-AE0A-BA74ECB9AEDD}"
EndProject
Project("{FAE04EC0-301F-11D3-BF4B-00C04F79EFBC}") = "TestRun", "TestRun\TestRun.csproj", "{2BD4AA4C-4DE4-43F7-BE6F-31163B976538}"
EndProject
Project("{FAE04EC0-301F-11D3-BF4B-00C04F79EFBC}") = "FM_CreateFile", "FM_CreateFile\FM_CreateFile.csproj", "{AE83F956-2C8C-455A-8677-997C6567772D}"
EndProject
Project("{FAE04EC0-301F-11D3-BF4B-00C04F79EFBC}") = "FM_Delete", "FM_Delete\FM_Delete.csproj", "{0C1CCAE2-780C-410C-AE53-C7CA44BA1AA0}"
EndProject
Project("{FAE04EC0-301F-11D3-BF4B-00C04F79EFBC}") = "FM_DownloadFile", "FM_DownloadFile\FM_DownloadFile.csproj", "{0C081095-8C92-4A66-9162-497E1E020504}"
EndProject
Project("{FAE04EC0-301F-11D3-BF4B-00C04F79EFBC}") = "FM_UploadFile", "FM_UploadFile\FM_UploadFile.csproj", "{82F7FFC8-D783-4545-95A2-55C608C32E84}"
EndProject
Project("{FAE04EC0-301F-11D3-BF4B-00C04F79EFBC}") = "FM_Copy", "FM_Copy\FM_Copy.csproj", "{B442D154-5223-4F63-A83D-D4B6C3544D07}"
EndProject
Project("{FAE04EC0-301F-11D3-BF4B-00C04F79EFBC}") = "FM_Rename", "FM_Rename\FM_Rename.csproj", "{0C25A9E4-B490-4E53-BB1E-04B62A5FA796}"
EndProject
Project("{FAE04EC0-301F-11D3-BF4B-00C04F79EFBC}") = "FM_Mkdir", "FM_Mkdir\FM_Mkdir.csproj", "{CEA75942-96B0-49B5-AD6C-A9BFBB222FDF}"
EndProject
Project("{FAE04EC0-301F-11D3-BF4B-00C04F79EFBC}") = "FM_Retime", "FM_Retime\FM_Retime.csproj", "{C5C931CA-0FC0-46BA-BB6A-932D5344BCAC}"
EndProject
Project("{FAE04EC0-301F-11D3-BF4B-00C04F79EFBC}") = "FM_Wget", "FM_Wget\FM_Wget.csproj", "{B3E3CC08-0D77-42FF-9E6F-71B443654304}"
EndProject
Project("{FAE04EC0-301F-11D3-BF4B-00C04F79EFBC}") = "DB_Default", "DB_Default\DB_Default.csproj", "{48899469-E067-4D27-AB47-FE11B1676EAE}"
EndProject
Project("{FAE04EC0-301F-11D3-BF4B-00C04F79EFBC}") = "DB_SqlServer", "DB_SqlServer\DB_SqlServer.csproj", "{864921F9-3525-4E2F-81FC-D39443D98A70}"
EndProject
Global
	GlobalSection(SolutionConfigurationPlatforms) = preSolution
		Debug|Any CPU = Debug|Any CPU
		Release|Any CPU = Release|Any CPU
	EndGlobalSection
	GlobalSection(ProjectConfigurationPlatforms) = postSolution
		{889587AB-5DE8-4B2D-9CAE-63B7F630DF86}.Debug|Any CPU.ActiveCfg = Debug|Any CPU
		{889587AB-5DE8-4B2D-9CAE-63B7F630DF86}.Debug|Any CPU.Build.0 = Debug|Any CPU
		{889587AB-5DE8-4B2D-9CAE-63B7F630DF86}.Release|Any CPU.ActiveCfg = Release|Any CPU
		{889587AB-5DE8-4B2D-9CAE-63B7F630DF86}.Release|Any CPU.Build.0 = Release|Any CPU
		{EE8C9EAB-8B4D-41C6-89B8-6C5DB543355F}.Debug|Any CPU.ActiveCfg = Debug|Any CPU
		{EE8C9EAB-8B4D-41C6-89B8-6C5DB543355F}.Debug|Any CPU.Build.0 = Debug|Any CPU
		{EE8C9EAB-8B4D-41C6-89B8-6C5DB543355F}.Release|Any CPU.ActiveCfg = Release|Any CPU
		{EE8C9EAB-8B4D-41C6-89B8-6C5DB543355F}.Release|Any CPU.Build.0 = Release|Any CPU
		{F7994A18-87CB-4EE4-8A2D-BABED3708907}.Debug|Any CPU.ActiveCfg = Debug|Any CPU
		{F7994A18-87CB-4EE4-8A2D-BABED3708907}.Debug|Any CPU.Build.0 = Debug|Any CPU
		{F7994A18-87CB-4EE4-8A2D-BABED3708907}.Release|Any CPU.ActiveCfg = Release|Any CPU
		{F7994A18-87CB-4EE4-8A2D-BABED3708907}.Release|Any CPU.Build.0 = Release|Any CPU
		{61C1ED62-33B9-4D97-B460-6E33C1C447EE}.Debug|Any CPU.ActiveCfg = Debug|Any CPU
		{61C1ED62-33B9-4D97-B460-6E33C1C447EE}.Debug|Any CPU.Build.0 = Debug|Any CPU
		{61C1ED62-33B9-4D97-B460-6E33C1C447EE}.Release|Any CPU.ActiveCfg = Release|Any CPU
		{61C1ED62-33B9-4D97-B460-6E33C1C447EE}.Release|Any CPU.Build.0 = Release|Any CPU
		{32B6D04A-A05B-4421-B063-910BE01B744A}.Debug|Any CPU.ActiveCfg = Debug|Any CPU
		{32B6D04A-A05B-4421-B063-910BE01B744A}.Debug|Any CPU.Build.0 = Debug|Any CPU
		{32B6D04A-A05B-4421-B063-910BE01B744A}.Release|Any CPU.ActiveCfg = Release|Any CPU
		{32B6D04A-A05B-4421-B063-910BE01B744A}.Release|Any CPU.Build.0 = Release|Any CPU
		{D6ABEB05-EB7A-49E3-B466-DDEE32645AEF}.Debug|Any CPU.ActiveCfg = Debug|Any CPU
		{D6ABEB05-EB7A-49E3-B466-DDEE32645AEF}.Debug|Any CPU.Build.0 = Debug|Any CPU
		{D6ABEB05-EB7A-49E3-B466-DDEE32645AEF}.Release|Any CPU.ActiveCfg = Release|Any CPU
		{D6ABEB05-EB7A-49E3-B466-DDEE32645AEF}.Release|Any CPU.Build.0 = Release|Any CPU
		{67161D79-EC57-497C-AE0A-BA74ECB9AEDD}.Debug|Any CPU.ActiveCfg = Debug|Any CPU
		{67161D79-EC57-497C-AE0A-BA74ECB9AEDD}.Debug|Any CPU.Build.0 = Debug|Any CPU
		{67161D79-EC57-497C-AE0A-BA74ECB9AEDD}.Release|Any CPU.ActiveCfg = Release|Any CPU
		{67161D79-EC57-497C-AE0A-BA74ECB9AEDD}.Release|Any CPU.Build.0 = Release|Any CPU
		{2BD4AA4C-4DE4-43F7-BE6F-31163B976538}.Debug|Any CPU.ActiveCfg = Debug|Any CPU
		{2BD4AA4C-4DE4-43F7-BE6F-31163B976538}.Debug|Any CPU.Build.0 = Debug|Any CPU
		{2BD4AA4C-4DE4-43F7-BE6F-31163B976538}.Release|Any CPU.ActiveCfg = Release|Any CPU
		{2BD4AA4C-4DE4-43F7-BE6F-31163B976538}.Release|Any CPU.Build.0 = Release|Any CPU
		{AE83F956-2C8C-455A-8677-997C6567772D}.Debug|Any CPU.ActiveCfg = Debug|Any CPU
		{AE83F956-2C8C-455A-8677-997C6567772D}.Debug|Any CPU.Build.0 = Debug|Any CPU
		{AE83F956-2C8C-455A-8677-997C6567772D}.Release|Any CPU.ActiveCfg = Release|Any CPU
		{AE83F956-2C8C-455A-8677-997C6567772D}.Release|Any CPU.Build.0 = Release|Any CPU
		{0C1CCAE2-780C-410C-AE53-C7CA44BA1AA0}.Debug|Any CPU.ActiveCfg = Debug|Any CPU
		{0C1CCAE2-780C-410C-AE53-C7CA44BA1AA0}.Debug|Any CPU.Build.0 = Debug|Any CPU
		{0C1CCAE2-780C-410C-AE53-C7CA44BA1AA0}.Release|Any CPU.ActiveCfg = Release|Any CPU
		{0C1CCAE2-780C-410C-AE53-C7CA44BA1AA0}.Release|Any CPU.Build.0 = Release|Any CPU
		{0C081095-8C92-4A66-9162-497E1E020504}.Debug|Any CPU.ActiveCfg = Debug|Any CPU
		{0C081095-8C92-4A66-9162-497E1E020504}.Debug|Any CPU.Build.0 = Debug|Any CPU
		{0C081095-8C92-4A66-9162-497E1E020504}.Release|Any CPU.ActiveCfg = Release|Any CPU
		{0C081095-8C92-4A66-9162-497E1E020504}.Release|Any CPU.Build.0 = Release|Any CPU
		{82F7FFC8-D783-4545-95A2-55C608C32E84}.Debug|Any CPU.ActiveCfg = Debug|Any CPU
		{82F7FFC8-D783-4545-95A2-55C608C32E84}.Debug|Any CPU.Build.0 = Debug|Any CPU
		{82F7FFC8-D783-4545-95A2-55C608C32E84}.Release|Any CPU.ActiveCfg = Release|Any CPU
		{82F7FFC8-D783-4545-95A2-55C608C32E84}.Release|Any CPU.Build.0 = Release|Any CPU
		{B442D154-5223-4F63-A83D-D4B6C3544D07}.Debug|Any CPU.ActiveCfg = Debug|Any CPU
		{B442D154-5223-4F63-A83D-D4B6C3544D07}.Debug|Any CPU.Build.0 = Debug|Any CPU
		{B442D154-5223-4F63-A83D-D4B6C3544D07}.Release|Any CPU.ActiveCfg = Release|Any CPU
		{B442D154-5223-4F63-A83D-D4B6C3544D07}.Release|Any CPU.Build.0 = Release|Any CPU
		{0C25A9E4-B490-4E53-BB1E-04B62A5FA796}.Debug|Any CPU.ActiveCfg = Debug|Any CPU
		{0C25A9E4-B490-4E53-BB1E-04B62A5FA796}.Debug|Any CPU.Build.0 = Debug|Any CPU
		{0C25A9E4-B490-4E53-BB1E-04B62A5FA796}.Release|Any CPU.ActiveCfg = Release|Any CPU
		{0C25A9E4-B490-4E53-BB1E-04B62A5FA796}.Release|Any CPU.Build.0 = Release|Any CPU
		{CEA75942-96B0-49B5-AD6C-A9BFBB222FDF}.Debug|Any CPU.ActiveCfg = Debug|Any CPU
		{CEA75942-96B0-49B5-AD6C-A9BFBB222FDF}.Debug|Any CPU.Build.0 = Debug|Any CPU
		{CEA75942-96B0-49B5-AD6C-A9BFBB222FDF}.Release|Any CPU.ActiveCfg = Release|Any CPU
		{CEA75942-96B0-49B5-AD6C-A9BFBB222FDF}.Release|Any CPU.Build.0 = Release|Any CPU
		{C5C931CA-0FC0-46BA-BB6A-932D5344BCAC}.Debug|Any CPU.ActiveCfg = Debug|Any CPU
		{C5C931CA-0FC0-46BA-BB6A-932D5344BCAC}.Debug|Any CPU.Build.0 = Debug|Any CPU
		{C5C931CA-0FC0-46BA-BB6A-932D5344BCAC}.Release|Any CPU.ActiveCfg = Release|Any CPU
		{C5C931CA-0FC0-46BA-BB6A-932D5344BCAC}.Release|Any CPU.Build.0 = Release|Any CPU
		{B3E3CC08-0D77-42FF-9E6F-71B443654304}.Debug|Any CPU.ActiveCfg = Debug|Any CPU
		{B3E3CC08-0D77-42FF-9E6F-71B443654304}.Debug|Any CPU.Build.0 = Debug|Any CPU
		{B3E3CC08-0D77-42FF-9E6F-71B443654304}.Release|Any CPU.ActiveCfg = Release|Any CPU
		{B3E3CC08-0D77-42FF-9E6F-71B443654304}.Release|Any CPU.Build.0 = Release|Any CPU
		{48899469-E067-4D27-AB47-FE11B1676EAE}.Debug|Any CPU.ActiveCfg = Debug|Any CPU
		{48899469-E067-4D27-AB47-FE11B1676EAE}.Debug|Any CPU.Build.0 = Debug|Any CPU
		{48899469-E067-4D27-AB47-FE11B1676EAE}.Release|Any CPU.ActiveCfg = Release|Any CPU
		{48899469-E067-4D27-AB47-FE11B1676EAE}.Release|Any CPU.Build.0 = Release|Any CPU
		{864921F9-3525-4E2F-81FC-D39443D98A70}.Debug|Any CPU.ActiveCfg = Debug|Any CPU
		{864921F9-3525-4E2F-81FC-D39443D98A70}.Debug|Any CPU.Build.0 = Debug|Any CPU
		{864921F9-3525-4E2F-81FC-D39443D98A70}.Release|Any CPU.ActiveCfg = Release|Any CPU
		{864921F9-3525-4E2F-81FC-D39443D98A70}.Release|Any CPU.Build.0 = Release|Any CPU
	EndGlobalSection
EndGlobal
